
Microsoft Visual Studio Solution File, Format Version 12.00
Project("{FAE04EC0-301F-11D3-BF4B-00C04F79EFBC}") = "DatabaseThingy", "DatabaseThingy\DatabaseThingy.csproj", "{36DD9831-152A-4F10-A295-BD8326EC6788}"
EndProject
Global
	GlobalSection(SolutionConfigurationPlatforms) = preSolution
		Debug|Any CPU = Debug|Any CPU
		Release|Any CPU = Release|Any CPU
	EndGlobalSection
	GlobalSection(ProjectConfigurationPlatforms) = postSolution
		{36DD9831-152A-4F10-A295-BD8326EC6788}.Debug|Any CPU.ActiveCfg = Debug|Any CPU
		{36DD9831-152A-4F10-A295-BD8326EC6788}.Debug|Any CPU.Build.0 = Debug|Any CPU
		{36DD9831-152A-4F10-A295-BD8326EC6788}.Release|Any CPU.ActiveCfg = Release|Any CPU
		{36DD9831-152A-4F10-A295-BD8326EC6788}.Release|Any CPU.Build.0 = Release|Any CPU
	EndGlobalSection
EndGlobal
